{
  "projects": [
    {
      "projectId": "vPKbnjjwi8fuQ2UweyUVg",
      "version": "latest",
      "dependencies": {},
      "lang": "ts",
      "fileLocks": [
        {
          "type": "globalVariant",
          "assetId": "Eb4rH5gDH1cyfj",
          "checksum": "c560747a3d955c4cd4fdd7a9da8a51dc"
        },
        {
          "type": "renderModule",
          "assetId": "QgMoh-PW1y8Akd",
          "checksum": "53a217c87574caf57f2e639072e23fab"
        },
        {
          "type": "cssRules",
          "assetId": "QgMoh-PW1y8Akd",
          "checksum": "53a217c87574caf57f2e639072e23fab"
        },
        {
          "type": "renderModule",
          "assetId": "0byuyEwKTyiW3I",
          "checksum": "7aae89a940fd02cf44e654bf692877cd"
        },
        {
          "type": "cssRules",
          "assetId": "0byuyEwKTyiW3I",
          "checksum": "7aae89a940fd02cf44e654bf692877cd"
        },
        {
          "type": "renderModule",
          "assetId": "lGDkCv9W0IutQd",
          "checksum": "6b230142bd6da4dfdd40c07d65a198e8"
        },
        {
          "type": "cssRules",
          "assetId": "lGDkCv9W0IutQd",
          "checksum": "6b230142bd6da4dfdd40c07d65a198e8"
        },
        {
          "type": "renderModule",
          "assetId": "x_Bemi_ddgAdp_",
          "checksum": "f98dcd7e3cac1723b4a4c2387a7738fa"
        },
        {
          "type": "cssRules",
          "assetId": "x_Bemi_ddgAdp_",
          "checksum": "f98dcd7e3cac1723b4a4c2387a7738fa"
        },
        {
          "type": "renderModule",
          "assetId": "LyQ5xiKi4HIxvO",
          "checksum": "c4f693365d68ef8a1229287758d867ec"
        },
        {
          "type": "cssRules",
          "assetId": "LyQ5xiKi4HIxvO",
          "checksum": "c4f693365d68ef8a1229287758d867ec"
        },
        {
          "type": "renderModule",
          "assetId": "Kr7izS8uKXpM0C",
          "checksum": "b1a950bf73274beebc284bf2f9d5ed44"
        },
        {
          "type": "cssRules",
          "assetId": "Kr7izS8uKXpM0C",
          "checksum": "b1a950bf73274beebc284bf2f9d5ed44"
        },
        {
          "type": "renderModule",
          "assetId": "l4TpQGiaAFnWek",
          "checksum": "bac8528bd913bfd51027e839f92053e6"
        },
        {
          "type": "cssRules",
          "assetId": "l4TpQGiaAFnWek",
          "checksum": "bac8528bd913bfd51027e839f92053e6"
        },
        {
          "type": "renderModule",
          "assetId": "mdV519hu9YIAeH",
          "checksum": "6979affe711a230758f983dbd9b0dba7"
        },
        {
          "type": "cssRules",
          "assetId": "mdV519hu9YIAeH",
          "checksum": "6979affe711a230758f983dbd9b0dba7"
        },
        {
          "type": "renderModule",
          "assetId": "8gLhHIcZ_iSMrH",
          "checksum": "704b13dcb2b84ffd0e612832642d557c"
        },
        {
          "type": "cssRules",
          "assetId": "8gLhHIcZ_iSMrH",
          "checksum": "704b13dcb2b84ffd0e612832642d557c"
        },
        {
          "type": "renderModule",
          "assetId": "Iwcc17VazkXsyE",
          "checksum": "2cb9c74b5890ffcc181b411b9b258a90"
        },
        {
          "type": "cssRules",
          "assetId": "Iwcc17VazkXsyE",
          "checksum": "2cb9c74b5890ffcc181b411b9b258a90"
        },
        {
          "type": "renderModule",
          "assetId": "xRx78yWhQ5mM4n",
          "checksum": "3ac7927b3a154d35b0cbde5fd3102675"
        },
        {
          "type": "cssRules",
          "assetId": "xRx78yWhQ5mM4n",
          "checksum": "3ac7927b3a154d35b0cbde5fd3102675"
        },
        {
          "type": "icon",
          "assetId": "y5RRHrrVWrSyvI",
          "checksum": "fcc58bf7a89dfa0f563fce7e84507d47"
        },
        {
          "type": "icon",
          "assetId": "VRimf670WZZe0Z",
          "checksum": "5ecace0de548e6aedfbb25111e3c1af4"
        },
        {
          "type": "icon",
          "assetId": "xxXLoDsWfwQ-A8",
          "checksum": "72d142ca5ee68b9398551b4af6e21711"
        },
        {
          "type": "icon",
          "assetId": "k_4efDw-RvoVdo",
          "checksum": "0b5de7e7e560325d042918a8d4c0a7c1"
        },
        {
          "type": "icon",
          "assetId": "mSSuQ4JiMAxU8P",
          "checksum": "52ec39ba6d2a6eb206b6ea4b718c6980"
        },
        {
          "type": "icon",
          "assetId": "tJhkeHh0L3JbqA",
          "checksum": "604e07d56be1bedebdf953e6534e7132"
        },
        {
          "type": "icon",
          "assetId": "dm4IyL71AaXrNB",
          "checksum": "64a6902389a0550074cb3cb69017941e"
        },
        {
          "type": "icon",
          "assetId": "U7wfYHFfJ0O6HM",
          "checksum": "ee35c23c2fc7f1e54afb3aa921631e6c"
        },
        {
          "type": "icon",
          "assetId": "rK_p7RJV9IQvr7",
          "checksum": "29baa74dd93374d7f19b3254304a66c2"
        },
        {
          "type": "image",
          "assetId": "vWjwzWj99DIWe4",
          "checksum": "4c443bf2292c4489432360b5b459f5d6"
        },
        {
          "type": "image",
          "assetId": "VIxsFL7_FBRSdy",
          "checksum": "96b423f4f5d7b3fd5a71f5ffd768aa38"
        },
        {
          "type": "image",
          "assetId": "0m-uPrGKaYckyH",
          "checksum": "915396b52b2eec23689d5ee80423d72f"
        },
        {
          "type": "image",
          "assetId": "z6pYEMBTiPACFn",
          "checksum": "4ee73d221a5b1896cb15a99da30a4f8f"
        },
        {
          "type": "image",
          "assetId": "xeX_v7nQdzDYzi",
          "checksum": "e42102900f471e9d76f26abc6cfa99cc"
        },
        {
          "type": "image",
          "assetId": "c6-gK6KQxlFWfs",
          "checksum": "7dc2431b71cb0cfdb74196000e9566a5"
        },
        {
          "type": "image",
          "assetId": "QCwEXqgiis76ub",
          "checksum": "e8ad8cc19745974ee916af24f87470ce"
        },
        {
          "type": "image",
          "assetId": "lXsZfV_rwD-zsR",
          "checksum": "94371f8a7e403c45a2d6f2f2d503fde8"
        },
        {
          "type": "image",
          "assetId": "366bqUO2A9JNjx",
          "checksum": "abaf414e0efed2bd6e454da83f244f9a"
        },
        {
          "type": "image",
          "assetId": "Om6x2v2C3IHjoV",
          "checksum": "025e8f6033d9c98ebb1f45d6d43484eb"
        },
        {
          "type": "image",
          "assetId": "VvfBV0rlcWJPx5",
          "checksum": "6daa2fb80652d490560f893ed5480b29"
        },
        {
          "type": "image",
          "assetId": "gNbdsVahZMPInZ",
          "checksum": "e36fc224da3d8eb4129acec9bc33f9df"
        },
        {
          "type": "image",
          "assetId": "DoPTEYePC__oX2",
          "checksum": "a0903d3e7bfa87f5123073b03cc597f8"
        },
        {
          "type": "image",
          "assetId": "UhQ2o94gzdPJ6N",
          "checksum": "488ead8f6edea4a37782b6ba527f898d"
        },
        {
          "type": "image",
          "assetId": "A6rNAuEsf_PrJR",
          "checksum": "0cef8e2a8482c8831ff90dea13a7448d"
        },
        {
          "type": "image",
          "assetId": "xO_tz7gVYnbsr6",
          "checksum": "c2bb1679857e00d5ea206876711680e1"
        },
        {
          "type": "image",
          "assetId": "afjQKqZ4izggiO",
          "checksum": "9f4c92898ebd043f426e8e9f361a126f"
        },
        {
          "type": "image",
          "assetId": "KnkECu8yZHmjfk",
          "checksum": "a169ae5ef1ebb9f428caf22d64edcbb6"
        },
        {
          "type": "image",
          "assetId": "9CeCU3fWIKfa-3",
          "checksum": "4fd82d365e9e507656cec17b1e9eb753"
        },
        {
          "type": "image",
          "assetId": "w64AXrtjlsIWj_",
          "checksum": "b2541e62646d1b840b2121a3f928bbeb"
        },
        {
          "type": "image",
          "assetId": "x-om1o7eCMayGm",
          "checksum": "f1140f558c7c56771eeec0cc6ce4d6e3"
        },
        {
          "type": "image",
          "assetId": "1GVKY8JeNIYbka",
          "checksum": "651cd4ee97e3f950c8da301e81daed28"
        },
        {
          "type": "image",
          "assetId": "-T_WUHt11-Ya7J",
          "checksum": "4b8ee5339a26c5b3175bed7780e52e6f"
        },
        {
          "type": "image",
          "assetId": "ggXkWBwR-Q7fZC",
          "checksum": "b6768c53583bea6a02a11c113c9e49a7"
        },
        {
          "type": "image",
          "assetId": "lNkE4onNfpmpJj",
          "checksum": "16ac35461de69abda11f9edb00b7ca0e"
        },
        {
          "type": "image",
          "assetId": "1t6istPyqvvGH5",
          "checksum": "638d708316bb4e43f05e88f13353387e"
        },
        {
          "type": "image",
          "assetId": "sJqgVTG3jC9kKD",
          "checksum": "07ce8b92f29daffc01fc7b162e0d7de6"
        },
        {
          "type": "image",
          "assetId": "OxHaoSb68M5uIQ",
          "checksum": "4dfc2ec21a6c4c85398d389bf4e455c1"
        },
        {
          "type": "image",
          "assetId": "38j9495-9xpqvG",
          "checksum": "b697b926da758951ed06afeb185d394a"
        },
        {
          "type": "image",
          "assetId": "fSpYsr-ii1IOUO",
          "checksum": "35c34be41c0fefb42fa939f2f4ce2903"
        },
        {
          "type": "image",
          "assetId": "xnPlJgkmG0r6Oe",
          "checksum": "c064d30775e2c1a3400a855ac23ff456"
        },
        {
          "type": "image",
          "assetId": "6yrY5HJ5vPg-XO",
          "checksum": "b61ee4bee2888379397bc80d1ec9e2aa"
        },
        {
          "type": "image",
          "assetId": "9DJ7AxA5kYsTS2",
          "checksum": "dd95433de693df3a307451d65de1cd77"
        },
        {
          "type": "image",
          "assetId": "lu7l-JfzN5A72g",
          "checksum": "a740f350c1e1cfe16025ba7c808e87aa"
        },
        {
          "type": "image",
          "assetId": "f68UEcRXbzDSG4",
          "checksum": "4bd4c97a05c38925ea7f0f247fba0012"
        },
        {
          "type": "image",
          "assetId": "h_rl7NHGGkty15",
          "checksum": "e03862004099138e1498457b2f8bfec8"
        },
        {
          "type": "image",
          "assetId": "1_2UOBqYGK_N9B",
          "checksum": "03d035bc7a5a8687e78584e5e4741d1b"
        },
        {
          "assetId": "vPKbnjjwi8fuQ2UweyUVg",
          "type": "projectCss",
          "checksum": "4c68c1ebdd32f730a6dbe1c1c1d6bd8f"
        }
      ],
      "codegenVersion": "0.0.1"
    }
  ],
  "cliVersion": "0.1.186"
}
